{
  "name": "pay-accept",
  "version": "1.0.0",
  "lockfileVersion": 1,
  "requires": true,
  "dependencies": {
    "@otplib/core": {
      "version": "12.0.0",
      "resolved": "https://registry.npmjs.org/@otplib/core/-/core-12.0.0.tgz",
      "integrity": "sha512-GeIw4fAaiINi4+ssrcBGLebuKzi6I8cMy9cO20YEFjd3CmQU9fz7AF2GIDUwb8zP/vZsooak+cqaxDMcmQ6k3A==",
      "dev": true
    },
    "@otplib/plugin-crypto": {
      "version": "12.0.0",
      "resolved": "https://registry.npmjs.org/@otplib/plugin-crypto/-/plugin-crypto-12.0.0.tgz",
      "integrity": "sha512-JXc3FPJ63nwYA7kE2j1i68BuzXcF97BMxHbmd2/pRhbgCcEwWGnH7wsCbqn6r8ntQOZRFV0cJE7Du6loNVLndw==",
      "dev": true,
      "requires": {
        "@otplib/core": "^12.0.0"
      }
    },
    "@otplib/plugin-thirty-two": {
      "version": "12.0.0",
      "resolved": "https://registry.npmjs.org/@otplib/plugin-thirty-two/-/plugin-thirty-two-12.0.0.tgz",
      "integrity": "sha512-TufBmqVa4+/GX+JRhQ20JrTr3gHMem2JFGhs/ntBmBZy35s64mQkQJGeyXU3xC06LJHc6TfYIWfat/ZRnZJGoQ==",
      "dev": true,
      "requires": {
        "@otplib/core": "^12.0.0",
        "thirty-two": "^1.0.2"
      }
    },
    "@otplib/preset-default": {
      "version": "12.0.0",
      "resolved": "https://registry.npmjs.org/@otplib/preset-default/-/preset-default-12.0.0.tgz",
      "integrity": "sha512-o5iOGCfzDb0CAT4Gryk8nt9ktPgmghICnyBEnJjtJSo8cIGf8RxRk08F4tVTdzBypbZTpKjZPNTUIVK52nAcSw==",
      "dev": true,
      "requires": {
        "@otplib/core": "^12.0.0",
        "@otplib/plugin-crypto": "^12.0.0",
        "@otplib/plugin-thirty-two": "^12.0.0"
      }
    },
    "@otplib/preset-v11": {
      "version": "12.0.0",
      "resolved": "https://registry.npmjs.org/@otplib/preset-v11/-/preset-v11-12.0.0.tgz",
      "integrity": "sha512-D7Ceh84pxBR1/y24hDSes8babBBmePsuy3RSMGJcax1EM/fuEHey+yXG/yfOtJ6HfHJ5VJIDwvHAwedKVPbP8w==",
      "dev": true,
      "requires": {
        "@otplib/core": "^12.0.0",
        "@otplib/plugin-crypto": "^12.0.0",
        "@otplib/plugin-thirty-two": "^12.0.0"
      }
    },
    "base32-encode": {
      "version": "1.1.1",
      "resolved": "https://registry.npmjs.org/base32-encode/-/base32-encode-1.1.1.tgz",
      "integrity": "sha512-eqa0BeGghj3guezlasdHJhr3+J5ZbbQvxeprkcDMbRQrjlqOT832IUDT4Al4ofAwekFYMqkkM9KMUHs9Cu0HKA=="
    },
    "otplib": {
      "version": "12.0.0",
      "resolved": "https://registry.npmjs.org/otplib/-/otplib-12.0.0.tgz",
      "integrity": "sha512-i9P9SimOWt/kjpTq3MAWqybwArMWfYfbYJhubV5K1PEadTLm9WkUNUGI0tu6xMRQIzTcglagw9lSWX1BE9a+mw==",
      "dev": true,
      "requires": {
        "@otplib/core": "^12.0.0",
        "@otplib/preset-default": "^12.0.0",
        "@otplib/preset-v11": "^12.0.0"
      }
    },
    "thirty-two": {
      "version": "1.0.2",
      "resolved": "https://registry.npmjs.org/thirty-two/-/thirty-two-1.0.2.tgz",
      "integrity": "sha1-TKL//AKlEpDSdEueP1V2k8prYno=",
      "dev": true
    }
  }
}
